
Microsoft Visual Studio Solution File, Format Version 12.00
# Visual Studio 2013
VisualStudioVersion = 12.0.30723.0
MinimumVisualStudioVersion = 10.0.40219.1
Project("{2150E333-8FDC-42A3-9474-1A3956D46DE8}") = "0.Common", "0.Common", "{05AA9748-7AD0-41AE-AC2A-A97FB48FC59A}"
EndProject
Project("{2150E333-8FDC-42A3-9474-1A3956D46DE8}") = "1.Api", "1.Api", "{62307C95-EE54-48C7-9BC3-1ADCCC037A17}"
EndProject
Project("{2150E333-8FDC-42A3-9474-1A3956D46DE8}") = "2.Web", "2.Web", "{A9F261C2-84DD-42A0-AC21-EFC83D975720}"
EndProject
Project("{FAE04EC0-301F-11D3-BF4B-00C04F79EFBC}") = "ETong.Common", "Common\ETong.Common\ETong.Common.csproj", "{831EB3E2-953D-406D-9B95-480D3D0D53D6}"
EndProject
Project("{FAE04EC0-301F-11D3-BF4B-00C04F79EFBC}") = "ETong.Entity", "Common\ETong.Entity\ETong.Entity.csproj", "{4574FB84-C6E7-4BB7-866F-4D671A80CAB7}"
EndProject
Project("{FAE04EC0-301F-11D3-BF4B-00C04F79EFBC}") = "ETong.Coffee.Web", "Business Modules\Coffee\ETong.Coffee.Web\ETong.Coffee.Web.csproj", "{CAA92105-DE5D-4178-A0FD-9C336EB50AE1}"
EndProject
Project("{FAE04EC0-301F-11D3-BF4B-00C04F79EFBC}") = "ETong.WebApi.Core-V4", "Common\ETong.WebApi.Core\ETong.WebApi.Core-V4.csproj", "{2F7A64BB-2D4F-438C-86EC-038C10135581}"
EndProject
Project("{FAE04EC0-301F-11D3-BF4B-00C04F79EFBC}") = "ETong.WebApi.Client.Order-V4", "Common\ETong.WebApi.Client.Order\ETong.WebApi.Client.Order-V4.csproj", "{CDFAB529-3138-4DDD-9714-7F19744BDCB5}"
EndProject
Project("{FAE04EC0-301F-11D3-BF4B-00C04F79EFBC}") = "ETong.Coffee.Api.Logc", "Business Modules\Coffee\ETong.Coffee.Api.Logc\ETong.Coffee.Api.Logc.csproj", "{D7E6BBFE-6B28-498F-A2CE-81F3197EBDCD}"
EndProject
Project("{FAE04EC0-301F-11D3-BF4B-00C04F79EFBC}") = "ETong.Utility", "Common\ETong.Utility\ETong.Utility.csproj", "{01351710-DF01-4E8B-8400-6C085D02FD4F}"
EndProject
Project("{FAE04EC0-301F-11D3-BF4B-00C04F79EFBC}") = "ETong.Order.Core.Repository", "Common\ETong.Order.Core.Repository\ETong.Order.Core.Repository.csproj", "{31D84440-6CB1-4025-B506-7B1FC3A09411}"
EndProject
Project("{FAE04EC0-301F-11D3-BF4B-00C04F79EFBC}") = "ETong.Coffee.Api", "Business Modules\Coffee\ETong.Coffee.Api\ETong.Coffee.Api.csproj", "{403133B5-7A75-41A6-92B8-01AA51D22829}"
EndProject
Project("{FAE04EC0-301F-11D3-BF4B-00C04F79EFBC}") = "ETong.WebApiUtility", "Common\ETong.WebApiUtility\ETong.WebApiUtility.csproj", "{ADD51479-A174-4879-BEDB-B571C688A9E2}"
EndProject
Global
	GlobalSection(SolutionConfigurationPlatforms) = preSolution
		Debug|Any CPU = Debug|Any CPU
		Release|Any CPU = Release|Any CPU
	EndGlobalSection
	GlobalSection(ProjectConfigurationPlatforms) = postSolution
		{831EB3E2-953D-406D-9B95-480D3D0D53D6}.Debug|Any CPU.ActiveCfg = Debug|Any CPU
		{831EB3E2-953D-406D-9B95-480D3D0D53D6}.Debug|Any CPU.Build.0 = Debug|Any CPU
		{831EB3E2-953D-406D-9B95-480D3D0D53D6}.Release|Any CPU.ActiveCfg = Release|Any CPU
		{831EB3E2-953D-406D-9B95-480D3D0D53D6}.Release|Any CPU.Build.0 = Release|Any CPU
		{4574FB84-C6E7-4BB7-866F-4D671A80CAB7}.Debug|Any CPU.ActiveCfg = Debug|Any CPU
		{4574FB84-C6E7-4BB7-866F-4D671A80CAB7}.Debug|Any CPU.Build.0 = Debug|Any CPU
		{4574FB84-C6E7-4BB7-866F-4D671A80CAB7}.Release|Any CPU.ActiveCfg = Release|Any CPU
		{4574FB84-C6E7-4BB7-866F-4D671A80CAB7}.Release|Any CPU.Build.0 = Release|Any CPU
		{CAA92105-DE5D-4178-A0FD-9C336EB50AE1}.Debug|Any CPU.ActiveCfg = Debug|Any CPU
		{CAA92105-DE5D-4178-A0FD-9C336EB50AE1}.Debug|Any CPU.Build.0 = Debug|Any CPU
		{CAA92105-DE5D-4178-A0FD-9C336EB50AE1}.Release|Any CPU.ActiveCfg = Release|Any CPU
		{CAA92105-DE5D-4178-A0FD-9C336EB50AE1}.Release|Any CPU.Build.0 = Release|Any CPU
		{2F7A64BB-2D4F-438C-86EC-038C10135581}.Debug|Any CPU.ActiveCfg = Debug|Any CPU
		{2F7A64BB-2D4F-438C-86EC-038C10135581}.Debug|Any CPU.Build.0 = Debug|Any CPU
		{2F7A64BB-2D4F-438C-86EC-038C10135581}.Release|Any CPU.ActiveCfg = Release|Any CPU
		{2F7A64BB-2D4F-438C-86EC-038C10135581}.Release|Any CPU.Build.0 = Release|Any CPU
		{CDFAB529-3138-4DDD-9714-7F19744BDCB5}.Debug|Any CPU.ActiveCfg = Debug|Any CPU
		{CDFAB529-3138-4DDD-9714-7F19744BDCB5}.Debug|Any CPU.Build.0 = Debug|Any CPU
		{CDFAB529-3138-4DDD-9714-7F19744BDCB5}.Release|Any CPU.ActiveCfg = Release|Any CPU
		{CDFAB529-3138-4DDD-9714-7F19744BDCB5}.Release|Any CPU.Build.0 = Release|Any CPU
		{D7E6BBFE-6B28-498F-A2CE-81F3197EBDCD}.Debug|Any CPU.ActiveCfg = Debug|Any CPU
		{D7E6BBFE-6B28-498F-A2CE-81F3197EBDCD}.Debug|Any CPU.Build.0 = Debug|Any CPU
		{D7E6BBFE-6B28-498F-A2CE-81F3197EBDCD}.Release|Any CPU.ActiveCfg = Release|Any CPU
		{D7E6BBFE-6B28-498F-A2CE-81F3197EBDCD}.Release|Any CPU.Build.0 = Release|Any CPU
		{01351710-DF01-4E8B-8400-6C085D02FD4F}.Debug|Any CPU.ActiveCfg = Debug|Any CPU
		{01351710-DF01-4E8B-8400-6C085D02FD4F}.Debug|Any CPU.Build.0 = Debug|Any CPU
		{01351710-DF01-4E8B-8400-6C085D02FD4F}.Release|Any CPU.ActiveCfg = Release|Any CPU
		{01351710-DF01-4E8B-8400-6C085D02FD4F}.Release|Any CPU.Build.0 = Release|Any CPU
		{31D84440-6CB1-4025-B506-7B1FC3A09411}.Debug|Any CPU.ActiveCfg = Debug|Any CPU
		{31D84440-6CB1-4025-B506-7B1FC3A09411}.Debug|Any CPU.Build.0 = Debug|Any CPU
		{31D84440-6CB1-4025-B506-7B1FC3A09411}.Release|Any CPU.ActiveCfg = Release|Any CPU
		{31D84440-6CB1-4025-B506-7B1FC3A09411}.Release|Any CPU.Build.0 = Release|Any CPU
		{403133B5-7A75-41A6-92B8-01AA51D22829}.Debug|Any CPU.ActiveCfg = Debug|Any CPU
		{403133B5-7A75-41A6-92B8-01AA51D22829}.Debug|Any CPU.Build.0 = Debug|Any CPU
		{403133B5-7A75-41A6-92B8-01AA51D22829}.Release|Any CPU.ActiveCfg = Release|Any CPU
		{403133B5-7A75-41A6-92B8-01AA51D22829}.Release|Any CPU.Build.0 = Release|Any CPU
		{ADD51479-A174-4879-BEDB-B571C688A9E2}.Debug|Any CPU.ActiveCfg = Debug|Any CPU
		{ADD51479-A174-4879-BEDB-B571C688A9E2}.Debug|Any CPU.Build.0 = Debug|Any CPU
		{ADD51479-A174-4879-BEDB-B571C688A9E2}.Release|Any CPU.ActiveCfg = Release|Any CPU
		{ADD51479-A174-4879-BEDB-B571C688A9E2}.Release|Any CPU.Build.0 = Release|Any CPU
	EndGlobalSection
	GlobalSection(SolutionProperties) = preSolution
		HideSolutionNode = FALSE
	EndGlobalSection
	GlobalSection(NestedProjects) = preSolution
		{831EB3E2-953D-406D-9B95-480D3D0D53D6} = {05AA9748-7AD0-41AE-AC2A-A97FB48FC59A}
		{4574FB84-C6E7-4BB7-866F-4D671A80CAB7} = {05AA9748-7AD0-41AE-AC2A-A97FB48FC59A}
		{CAA92105-DE5D-4178-A0FD-9C336EB50AE1} = {A9F261C2-84DD-42A0-AC21-EFC83D975720}
		{2F7A64BB-2D4F-438C-86EC-038C10135581} = {05AA9748-7AD0-41AE-AC2A-A97FB48FC59A}
		{CDFAB529-3138-4DDD-9714-7F19744BDCB5} = {05AA9748-7AD0-41AE-AC2A-A97FB48FC59A}
		{D7E6BBFE-6B28-498F-A2CE-81F3197EBDCD} = {62307C95-EE54-48C7-9BC3-1ADCCC037A17}
		{01351710-DF01-4E8B-8400-6C085D02FD4F} = {05AA9748-7AD0-41AE-AC2A-A97FB48FC59A}
		{31D84440-6CB1-4025-B506-7B1FC3A09411} = {05AA9748-7AD0-41AE-AC2A-A97FB48FC59A}
		{403133B5-7A75-41A6-92B8-01AA51D22829} = {62307C95-EE54-48C7-9BC3-1ADCCC037A17}
		{ADD51479-A174-4879-BEDB-B571C688A9E2} = {05AA9748-7AD0-41AE-AC2A-A97FB48FC59A}
	EndGlobalSection
EndGlobal
